{
  "nodes": {
    "nixpkgs": {
      "locked": {
        "lastModified": 1789426278,
        "narHash": "sha256-GnotcvKtbTMnoVx6G4E7ZdUX6487Dky74dqq3pU7iRk=",
        "owner": "NixOS",
        "repo": "nixpkgs",
        "rev": "efe6f071ede9d21c37462d2d6682d5e670099684",
        "type": "github"
      },
      "original": {
        "owner": "NixOS",
        "ref": "nixos-unstable",
        "repo": "nixpkgs",
        "type": "github"
      }
    },
    "nixpkgsIntel": {
      "locked": {
        "lastModified": 1790382633,
        "narHash": "sha256-tUvXb7lbSYz8kuAfy+Tm0OuG3giYm5punOHc8czuc1c=",
        "owner": "NixOS",
        "repo": "nixpkgs",
        "rev": "5157396cfd0b4de9f1f83166c1f25e3ef45b180d",
        "type": "github"
      },
      "original": {
        "owner": "NixOS",
        "ref": "nixpkgs-26.05-darwin",
        "repo": "nixpkgs",
        "type": "github"
      }
    },
    "root": {
      "inputs": {
        "nixpkgs": "nixpkgs",
        "nixpkgsIntel": "nixpkgsIntel"
      }
    }
  },
  "root": "root",
  "version": 7
}
